
Microsoft Visual Studio Solution File, Format Version 12.00
# Visual Studio Version 17
VisualStudioVersion = 17.2.32526.322
MinimumVisualStudioVersion = 10.0.40219.1
Project("{FAE04EC0-301F-11D3-BF4B-00C04F79EFBC}") = "vns-trips-backend", "vns-trips-backend\vns-trips-backend.csproj", "{B6D541A9-3372-4AE4-8551-5FFF36DB7CCC}"
EndProject
Global
	GlobalSection(SolutionConfigurationPlatforms) = preSolution
		Debug|Any CPU = Debug|Any CPU
		Release|Any CPU = Release|Any CPU
	EndGlobalSection
	GlobalSection(ProjectConfigurationPlatforms) = postSolution
		{B6D541A9-3372-4AE4-8551-5FFF36DB7CCC}.Debug|Any CPU.ActiveCfg = Debug|Any CPU
		{B6D541A9-3372-4AE4-8551-5FFF36DB7CCC}.Debug|Any CPU.Build.0 = Debug|Any CPU
		{B6D541A9-3372-4AE4-8551-5FFF36DB7CCC}.Release|Any CPU.ActiveCfg = Release|Any CPU
		{B6D541A9-3372-4AE4-8551-5FFF36DB7CCC}.Release|Any CPU.Build.0 = Release|Any CPU
	EndGlobalSection
	GlobalSection(SolutionProperties) = preSolution
		HideSolutionNode = FALSE
	EndGlobalSection
	GlobalSection(ExtensibilityGlobals) = postSolution
		SolutionGuid = {46B46A28-0A5B-44F0-A2E1-06C72596C987}
	EndGlobalSection
EndGlobal
